{
  "requires": true,
  "lockfileVersion": 1,
  "dependencies": {
    "@types/three": {
      "version": "0.93.21",
      "resolved": "https://registry.npmjs.org/@types/three/-/three-0.93.21.tgz",
      "integrity": "sha512-q6VVmDftJYDJYwUIFTqvlIlh+vTylk+erd0LMxF//s733fufdry2iBBw4XrWStK2VpRRGljuBz5QRbNFAOC9Xg=="
    }
  }
}
